
Microsoft Visual Studio Solution File, Format Version 12.00
# Visual Studio Version 17
VisualStudioVersion = 17.0.31903.59
MinimumVisualStudioVersion = 10.0.40219.1
Project("{2150E333-8FDC-42A3-9474-1A3956D46DE8}") = "HR.Attendance", "HR.Attendance", "{C562E441-E964-221A-C461-AF61B0F6AF7D}"
EndProject
Project("{FAE04EC0-301F-11D3-BF4B-00C04F79EFBC}") = "HR.Attendance.Core", "HR.Attendance.Core\HR.Attendance.Core.csproj", "{EB6EABA3-9DE7-457F-8F29-CDC99E3CFE77}"
EndProject
Project("{FAE04EC0-301F-11D3-BF4B-00C04F79EFBC}") = "HR.Attendance.Infrastructure", "HR.Attendance.Infrastructure\HR.Attendance.Infrastructure.csproj", "{81F0D980-0B0C-408F-91BA-1836FC7B2117}"
EndProject
Project("{2150E333-8FDC-42A3-9474-1A3956D46DE8}") = "HR.BaseInfo", "HR.BaseInfo", "{38C3FC16-B835-C14B-5E7E-8CBA6C683B85}"
EndProject
Project("{FAE04EC0-301F-11D3-BF4B-00C04F79EFBC}") = "HR.BaseInfo.Core", "HR.BaseInfo.Core\HR.BaseInfo.Core.csproj", "{B0165CC3-7787-4C75-8726-30105F841D13}"
EndProject
Project("{FAE04EC0-301F-11D3-BF4B-00C04F79EFBC}") = "HR.BaseInfo.Infrastructure", "HR.BaseInfo.Infrastructure\HR.BaseInfo.Infrastructure.csproj", "{8B5B99F5-FE21-4077-BBDC-04C24886172B}"
EndProject
Project("{2150E333-8FDC-42A3-9474-1A3956D46DE8}") = "HR.Employee", "HR.Employee", "{3ABA47E2-6B8D-FD51-B71F-73DB47085504}"
EndProject
Project("{FAE04EC0-301F-11D3-BF4B-00C04F79EFBC}") = "HR.Employee.Core", "HR.Employee.Core\HR.Employee.Core.csproj", "{87A1E5EF-FCFE-429C-9136-A75627D4945C}"
EndProject
Project("{FAE04EC0-301F-11D3-BF4B-00C04F79EFBC}") = "Hr.Employee.infrastructure", "Hr.Employee.infrastructure\Hr.Employee.infrastructure.csproj", "{E74C747F-419B-4AF6-8144-4D51942527DE}"
EndProject
Project("{2150E333-8FDC-42A3-9474-1A3956D46DE8}") = "HR.FormulaEngine", "HR.FormulaEngine", "{F20C0B91-7963-045F-503B-40B4E8396DFD}"
EndProject
Project("{FAE04EC0-301F-11D3-BF4B-00C04F79EFBC}") = "HR.FormulaEngine.Core", "HR.FormulaEngine.Core\HR.FormulaEngine.Core.csproj", "{AA8FE575-3DFA-4D00-A28C-BEBD257167FD}"
EndProject
Project("{FAE04EC0-301F-11D3-BF4B-00C04F79EFBC}") = "HR.FormulaEngine.Infrastructure", "HR.FormulaEngine.Infrastructure\HR.FormulaEngine.Infrastructure.csproj", "{3120A8C1-9E15-4181-9220-0112E6E37767}"
EndProject
Project("{2150E333-8FDC-42A3-9474-1A3956D46DE8}") = "HR.Identity", "HR.Identity", "{ABE1EEF1-9C2D-F4FE-FAE9-779AD86F9B7C}"
EndProject
Project("{FAE04EC0-301F-11D3-BF4B-00C04F79EFBC}") = "HR.Identity.Core", "HR.Identity.Core\HR.Identity.Core.csproj", "{F24F39EB-3C2D-4A5F-B870-C2C1FE96A570}"
EndProject
Project("{FAE04EC0-301F-11D3-BF4B-00C04F79EFBC}") = "HR.Identity.Infrastructure", "HR.Identity.Infrastructure\HR.Identity.Infrastructure.csproj", "{5B939020-0915-4539-A164-106C3DBD9E7C}"
EndProject
Project("{2150E333-8FDC-42A3-9474-1A3956D46DE8}") = "HR.Order", "HR.Order", "{73DA1B93-52D6-2E31-0FA0-05C6F357AB3D}"
EndProject
Project("{FAE04EC0-301F-11D3-BF4B-00C04F79EFBC}") = "HR.Order.Core", "HR.Order.Core\HR.Order.Core.csproj", "{D0020A93-F9CC-41EE-BFA2-945F69CAE30C}"
EndProject
Project("{FAE04EC0-301F-11D3-BF4B-00C04F79EFBC}") = "HR.Order.Infrastructure", "HR.Order.Infrastructure\HR.Order.Infrastructure.csproj", "{AC19CE3C-C04E-4E80-90F8-83F2EAC56855}"
EndProject
Project("{2150E333-8FDC-42A3-9474-1A3956D46DE8}") = "HR.Organisation", "HR.Organisation", "{19D4EF65-C835-1B89-21FA-4CA74761706D}"
EndProject
Project("{FAE04EC0-301F-11D3-BF4B-00C04F79EFBC}") = "HR.Organisation.Core", "HR.Organisation.Core\HR.Organisation.Core.csproj", "{A59DB2D7-F6F7-434B-95F2-1405514A74CE}"
EndProject
Project("{FAE04EC0-301F-11D3-BF4B-00C04F79EFBC}") = "HR.Organisation.Infrastructure", "HR.Organisation.Infrastructure\HR.Organisation.Infrastructure.csproj", "{29AD7648-0ECA-46B0-B0DF-3AD669FE3630}"
EndProject
Project("{2150E333-8FDC-42A3-9474-1A3956D46DE8}") = "HR.Payroll", "HR.Payroll", "{4AFEB33A-49FA-DCB4-8B3C-08490982826C}"
EndProject
Project("{FAE04EC0-301F-11D3-BF4B-00C04F79EFBC}") = "HR.Payroll.Core", "HR.Payroll.Core\HR.Payroll.Core.csproj", "{786503DA-D10C-48DB-A47D-F4A950CDC124}"
EndProject
Project("{FAE04EC0-301F-11D3-BF4B-00C04F79EFBC}") = "HR.Payroll.Infrastructure", "HR.Payroll.Infrastructure\HR.Payroll.Infrastructure.csproj", "{32AE5972-BFD4-4D76-BE0A-D2E20AB82125}"
EndProject
Project("{2150E333-8FDC-42A3-9474-1A3956D46DE8}") = "HR.Report", "HR.Report", "{24B0A1F2-B790-30B6-3016-C82771A84A6C}"
EndProject
Project("{FAE04EC0-301F-11D3-BF4B-00C04F79EFBC}") = "HR.Report.Core", "HR.Report.Core\HR.Report.Core.csproj", "{C8D6CB77-9CDA-4712-959B-725886862C5F}"
EndProject
Project("{FAE04EC0-301F-11D3-BF4B-00C04F79EFBC}") = "HR.Report.Infrastructure", "HR.Report.Infrastructure\HR.Report.Infrastructure.csproj", "{EA1C642F-EF12-4DE2-8E6B-FF7830D6AC71}"
EndProject
Project("{2150E333-8FDC-42A3-9474-1A3956D46DE8}") = "HR.SystemSetting", "HR.SystemSetting", "{8F47586C-8BCD-6E6A-8A32-0AD06597512E}"
EndProject
Project("{FAE04EC0-301F-11D3-BF4B-00C04F79EFBC}") = "Hr.SystemSetting.Core", "Hr.SystemSetting.Core\Hr.SystemSetting.Core.csproj", "{74ED6505-4DAD-454F-9FAE-29489435E40D}"
EndProject
Project("{FAE04EC0-301F-11D3-BF4B-00C04F79EFBC}") = "Hr.SystemSetting.Infrastructure", "Hr.SystemSetting.Infrastructure\Hr.SystemSetting.Infrastructure.csproj", "{EEF0CBEB-29EA-41BD-9717-E23DB2D4F573}"
EndProject
Project("{2150E333-8FDC-42A3-9474-1A3956D46DE8}") = "HR.WorkFlow", "HR.WorkFlow", "{80C6D654-0037-2059-FB7F-8D7914796806}"
EndProject
Project("{FAE04EC0-301F-11D3-BF4B-00C04F79EFBC}") = "HR.WorkFlow.Core", "HR.WorkFlow.Core\HR.WorkFlow.Core.csproj", "{01459C04-D958-4F24-B1E5-C2D30C87DCB4}"
EndProject
Project("{FAE04EC0-301F-11D3-BF4B-00C04F79EFBC}") = "HR.WorkFlow.Infrastructure", "HR.WorkFlow.Infrastructure\HR.WorkFlow.Infrastructure.csproj", "{62D7D5E6-3CE3-4C45-8A27-705B4245D775}"
EndProject
Project("{FAE04EC0-301F-11D3-BF4B-00C04F79EFBC}") = "HR.SharedKernel", "HR.SharedKernel\HR.SharedKernel.csproj", "{8B71EAF6-0426-4435-B0C5-BBE1D7281524}"
EndProject
Project("{FAE04EC0-301F-11D3-BF4B-00C04F79EFBC}") = "HRMS.API", "HRMS.API\HRMS.API.csproj", "{2C222D98-5661-463D-B519-18C32594F0B6}"
EndProject
Global
	GlobalSection(SolutionConfigurationPlatforms) = preSolution
		Debug|Any CPU = Debug|Any CPU
		Debug|x64 = Debug|x64
		Debug|x86 = Debug|x86
		Release|Any CPU = Release|Any CPU
		Release|x64 = Release|x64
		Release|x86 = Release|x86
	EndGlobalSection
	GlobalSection(ProjectConfigurationPlatforms) = postSolution
		{EB6EABA3-9DE7-457F-8F29-CDC99E3CFE77}.Debug|Any CPU.ActiveCfg = Debug|Any CPU
		{EB6EABA3-9DE7-457F-8F29-CDC99E3CFE77}.Debug|Any CPU.Build.0 = Debug|Any CPU
		{EB6EABA3-9DE7-457F-8F29-CDC99E3CFE77}.Debug|x64.ActiveCfg = Debug|Any CPU
		{EB6EABA3-9DE7-457F-8F29-CDC99E3CFE77}.Debug|x64.Build.0 = Debug|Any CPU
		{EB6EABA3-9DE7-457F-8F29-CDC99E3CFE77}.Debug|x86.ActiveCfg = Debug|Any CPU
		{EB6EABA3-9DE7-457F-8F29-CDC99E3CFE77}.Debug|x86.Build.0 = Debug|Any CPU
		{EB6EABA3-9DE7-457F-8F29-CDC99E3CFE77}.Release|Any CPU.ActiveCfg = Release|Any CPU
		{EB6EABA3-9DE7-457F-8F29-CDC99E3CFE77}.Release|Any CPU.Build.0 = Release|Any CPU
		{EB6EABA3-9DE7-457F-8F29-CDC99E3CFE77}.Release|x64.ActiveCfg = Release|Any CPU
		{EB6EABA3-9DE7-457F-8F29-CDC99E3CFE77}.Release|x64.Build.0 = Release|Any CPU
		{EB6EABA3-9DE7-457F-8F29-CDC99E3CFE77}.Release|x86.ActiveCfg = Release|Any CPU
		{EB6EABA3-9DE7-457F-8F29-CDC99E3CFE77}.Release|x86.Build.0 = Release|Any CPU
		{81F0D980-0B0C-408F-91BA-1836FC7B2117}.Debug|Any CPU.ActiveCfg = Debug|Any CPU
		{81F0D980-0B0C-408F-91BA-1836FC7B2117}.Debug|Any CPU.Build.0 = Debug|Any CPU
		{81F0D980-0B0C-408F-91BA-1836FC7B2117}.Debug|x64.ActiveCfg = Debug|Any CPU
		{81F0D980-0B0C-408F-91BA-1836FC7B2117}.Debug|x64.Build.0 = Debug|Any CPU
		{81F0D980-0B0C-408F-91BA-1836FC7B2117}.Debug|x86.ActiveCfg = Debug|Any CPU
		{81F0D980-0B0C-408F-91BA-1836FC7B2117}.Debug|x86.Build.0 = Debug|Any CPU
		{81F0D980-0B0C-408F-91BA-1836FC7B2117}.Release|Any CPU.ActiveCfg = Release|Any CPU
		{81F0D980-0B0C-408F-91BA-1836FC7B2117}.Release|Any CPU.Build.0 = Release|Any CPU
		{81F0D980-0B0C-408F-91BA-1836FC7B2117}.Release|x64.ActiveCfg = Release|Any CPU
		{81F0D980-0B0C-408F-91BA-1836FC7B2117}.Release|x64.Build.0 = Release|Any CPU
		{81F0D980-0B0C-408F-91BA-1836FC7B2117}.Release|x86.ActiveCfg = Release|Any CPU
		{81F0D980-0B0C-408F-91BA-1836FC7B2117}.Release|x86.Build.0 = Release|Any CPU
		{B0165CC3-7787-4C75-8726-30105F841D13}.Debug|Any CPU.ActiveCfg = Debug|Any CPU
		{B0165CC3-7787-4C75-8726-30105F841D13}.Debug|Any CPU.Build.0 = Debug|Any CPU
		{B0165CC3-7787-4C75-8726-30105F841D13}.Debug|x64.ActiveCfg = Debug|Any CPU
		{B0165CC3-7787-4C75-8726-30105F841D13}.Debug|x64.Build.0 = Debug|Any CPU
		{B0165CC3-7787-4C75-8726-30105F841D13}.Debug|x86.ActiveCfg = Debug|Any CPU
		{B0165CC3-7787-4C75-8726-30105F841D13}.Debug|x86.Build.0 = Debug|Any CPU
		{B0165CC3-7787-4C75-8726-30105F841D13}.Release|Any CPU.ActiveCfg = Release|Any CPU
		{B0165CC3-7787-4C75-8726-30105F841D13}.Release|Any CPU.Build.0 = Release|Any CPU
		{B0165CC3-7787-4C75-8726-30105F841D13}.Release|x64.ActiveCfg = Release|Any CPU
		{B0165CC3-7787-4C75-8726-30105F841D13}.Release|x64.Build.0 = Release|Any CPU
		{B0165CC3-7787-4C75-8726-30105F841D13}.Release|x86.ActiveCfg = Release|Any CPU
		{B0165CC3-7787-4C75-8726-30105F841D13}.Release|x86.Build.0 = Release|Any CPU
		{8B5B99F5-FE21-4077-BBDC-04C24886172B}.Debug|Any CPU.ActiveCfg = Debug|Any CPU
		{8B5B99F5-FE21-4077-BBDC-04C24886172B}.Debug|Any CPU.Build.0 = Debug|Any CPU
		{8B5B99F5-FE21-4077-BBDC-04C24886172B}.Debug|x64.ActiveCfg = Debug|Any CPU
		{8B5B99F5-FE21-4077-BBDC-04C24886172B}.Debug|x64.Build.0 = Debug|Any CPU
		{8B5B99F5-FE21-4077-BBDC-04C24886172B}.Debug|x86.ActiveCfg = Debug|Any CPU
		{8B5B99F5-FE21-4077-BBDC-04C24886172B}.Debug|x86.Build.0 = Debug|Any CPU
		{8B5B99F5-FE21-4077-BBDC-04C24886172B}.Release|Any CPU.ActiveCfg = Release|Any CPU
		{8B5B99F5-FE21-4077-BBDC-04C24886172B}.Release|Any CPU.Build.0 = Release|Any CPU
		{8B5B99F5-FE21-4077-BBDC-04C24886172B}.Release|x64.ActiveCfg = Release|Any CPU
		{8B5B99F5-FE21-4077-BBDC-04C24886172B}.Release|x64.Build.0 = Release|Any CPU
		{8B5B99F5-FE21-4077-BBDC-04C24886172B}.Release|x86.ActiveCfg = Release|Any CPU
		{8B5B99F5-FE21-4077-BBDC-04C24886172B}.Release|x86.Build.0 = Release|Any CPU
		{87A1E5EF-FCFE-429C-9136-A75627D4945C}.Debug|Any CPU.ActiveCfg = Debug|Any CPU
		{87A1E5EF-FCFE-429C-9136-A75627D4945C}.Debug|Any CPU.Build.0 = Debug|Any CPU
		{87A1E5EF-FCFE-429C-9136-A75627D4945C}.Debug|x64.ActiveCfg = Debug|Any CPU
		{87A1E5EF-FCFE-429C-9136-A75627D4945C}.Debug|x64.Build.0 = Debug|Any CPU
		{87A1E5EF-FCFE-429C-9136-A75627D4945C}.Debug|x86.ActiveCfg = Debug|Any CPU
		{87A1E5EF-FCFE-429C-9136-A75627D4945C}.Debug|x86.Build.0 = Debug|Any CPU
		{87A1E5EF-FCFE-429C-9136-A75627D4945C}.Release|Any CPU.ActiveCfg = Release|Any CPU
		{87A1E5EF-FCFE-429C-9136-A75627D4945C}.Release|Any CPU.Build.0 = Release|Any CPU
		{87A1E5EF-FCFE-429C-9136-A75627D4945C}.Release|x64.ActiveCfg = Release|Any CPU
		{87A1E5EF-FCFE-429C-9136-A75627D4945C}.Release|x64.Build.0 = Release|Any CPU
		{87A1E5EF-FCFE-429C-9136-A75627D4945C}.Release|x86.ActiveCfg = Release|Any CPU
		{87A1E5EF-FCFE-429C-9136-A75627D4945C}.Release|x86.Build.0 = Release|Any CPU
		{E74C747F-419B-4AF6-8144-4D51942527DE}.Debug|Any CPU.ActiveCfg = Debug|Any CPU
		{E74C747F-419B-4AF6-8144-4D51942527DE}.Debug|Any CPU.Build.0 = Debug|Any CPU
		{E74C747F-419B-4AF6-8144-4D51942527DE}.Debug|x64.ActiveCfg = Debug|Any CPU
		{E74C747F-419B-4AF6-8144-4D51942527DE}.Debug|x64.Build.0 = Debug|Any CPU
		{E74C747F-419B-4AF6-8144-4D51942527DE}.Debug|x86.ActiveCfg = Debug|Any CPU
		{E74C747F-419B-4AF6-8144-4D51942527DE}.Debug|x86.Build.0 = Debug|Any CPU
		{E74C747F-419B-4AF6-8144-4D51942527DE}.Release|Any CPU.ActiveCfg = Release|Any CPU
		{E74C747F-419B-4AF6-8144-4D51942527DE}.Release|Any CPU.Build.0 = Release|Any CPU
		{E74C747F-419B-4AF6-8144-4D51942527DE}.Release|x64.ActiveCfg = Release|Any CPU
		{E74C747F-419B-4AF6-8144-4D51942527DE}.Release|x64.Build.0 = Release|Any CPU
		{E74C747F-419B-4AF6-8144-4D51942527DE}.Release|x86.ActiveCfg = Release|Any CPU
		{E74C747F-419B-4AF6-8144-4D51942527DE}.Release|x86.Build.0 = Release|Any CPU
		{AA8FE575-3DFA-4D00-A28C-BEBD257167FD}.Debug|Any CPU.ActiveCfg = Debug|Any CPU
		{AA8FE575-3DFA-4D00-A28C-BEBD257167FD}.Debug|Any CPU.Build.0 = Debug|Any CPU
		{AA8FE575-3DFA-4D00-A28C-BEBD257167FD}.Debug|x64.ActiveCfg = Debug|Any CPU
		{AA8FE575-3DFA-4D00-A28C-BEBD257167FD}.Debug|x64.Build.0 = Debug|Any CPU
		{AA8FE575-3DFA-4D00-A28C-BEBD257167FD}.Debug|x86.ActiveCfg = Debug|Any CPU
		{AA8FE575-3DFA-4D00-A28C-BEBD257167FD}.Debug|x86.Build.0 = Debug|Any CPU
		{AA8FE575-3DFA-4D00-A28C-BEBD257167FD}.Release|Any CPU.ActiveCfg = Release|Any CPU
		{AA8FE575-3DFA-4D00-A28C-BEBD257167FD}.Release|Any CPU.Build.0 = Release|Any CPU
		{AA8FE575-3DFA-4D00-A28C-BEBD257167FD}.Release|x64.ActiveCfg = Release|Any CPU
		{AA8FE575-3DFA-4D00-A28C-BEBD257167FD}.Release|x64.Build.0 = Release|Any CPU
		{AA8FE575-3DFA-4D00-A28C-BEBD257167FD}.Release|x86.ActiveCfg = Release|Any CPU
		{AA8FE575-3DFA-4D00-A28C-BEBD257167FD}.Release|x86.Build.0 = Release|Any CPU
		{3120A8C1-9E15-4181-9220-0112E6E37767}.Debug|Any CPU.ActiveCfg = Debug|Any CPU
		{3120A8C1-9E15-4181-9220-0112E6E37767}.Debug|Any CPU.Build.0 = Debug|Any CPU
		{3120A8C1-9E15-4181-9220-0112E6E37767}.Debug|x64.ActiveCfg = Debug|Any CPU
		{3120A8C1-9E15-4181-9220-0112E6E37767}.Debug|x64.Build.0 = Debug|Any CPU
		{3120A8C1-9E15-4181-9220-0112E6E37767}.Debug|x86.ActiveCfg = Debug|Any CPU
		{3120A8C1-9E15-4181-9220-0112E6E37767}.Debug|x86.Build.0 = Debug|Any CPU
		{3120A8C1-9E15-4181-9220-0112E6E37767}.Release|Any CPU.ActiveCfg = Release|Any CPU
		{3120A8C1-9E15-4181-9220-0112E6E37767}.Release|Any CPU.Build.0 = Release|Any CPU
		{3120A8C1-9E15-4181-9220-0112E6E37767}.Release|x64.ActiveCfg = Release|Any CPU
		{3120A8C1-9E15-4181-9220-0112E6E37767}.Release|x64.Build.0 = Release|Any CPU
		{3120A8C1-9E15-4181-9220-0112E6E37767}.Release|x86.ActiveCfg = Release|Any CPU
		{3120A8C1-9E15-4181-9220-0112E6E37767}.Release|x86.Build.0 = Release|Any CPU
		{F24F39EB-3C2D-4A5F-B870-C2C1FE96A570}.Debug|Any CPU.ActiveCfg = Debug|Any CPU
		{F24F39EB-3C2D-4A5F-B870-C2C1FE96A570}.Debug|Any CPU.Build.0 = Debug|Any CPU
		{F24F39EB-3C2D-4A5F-B870-C2C1FE96A570}.Debug|x64.ActiveCfg = Debug|Any CPU
		{F24F39EB-3C2D-4A5F-B870-C2C1FE96A570}.Debug|x64.Build.0 = Debug|Any CPU
		{F24F39EB-3C2D-4A5F-B870-C2C1FE96A570}.Debug|x86.ActiveCfg = Debug|Any CPU
		{F24F39EB-3C2D-4A5F-B870-C2C1FE96A570}.Debug|x86.Build.0 = Debug|Any CPU
		{F24F39EB-3C2D-4A5F-B870-C2C1FE96A570}.Release|Any CPU.ActiveCfg = Release|Any CPU
		{F24F39EB-3C2D-4A5F-B870-C2C1FE96A570}.Release|Any CPU.Build.0 = Release|Any CPU
		{F24F39EB-3C2D-4A5F-B870-C2C1FE96A570}.Release|x64.ActiveCfg = Release|Any CPU
		{F24F39EB-3C2D-4A5F-B870-C2C1FE96A570}.Release|x64.Build.0 = Release|Any CPU
		{F24F39EB-3C2D-4A5F-B870-C2C1FE96A570}.Release|x86.ActiveCfg = Release|Any CPU
		{F24F39EB-3C2D-4A5F-B870-C2C1FE96A570}.Release|x86.Build.0 = Release|Any CPU
		{5B939020-0915-4539-A164-106C3DBD9E7C}.Debug|Any CPU.ActiveCfg = Debug|Any CPU
		{5B939020-0915-4539-A164-106C3DBD9E7C}.Debug|Any CPU.Build.0 = Debug|Any CPU
		{5B939020-0915-4539-A164-106C3DBD9E7C}.Debug|x64.ActiveCfg = Debug|Any CPU
		{5B939020-0915-4539-A164-106C3DBD9E7C}.Debug|x64.Build.0 = Debug|Any CPU
		{5B939020-0915-4539-A164-106C3DBD9E7C}.Debug|x86.ActiveCfg = Debug|Any CPU
		{5B939020-0915-4539-A164-106C3DBD9E7C}.Debug|x86.Build.0 = Debug|Any CPU
		{5B939020-0915-4539-A164-106C3DBD9E7C}.Release|Any CPU.ActiveCfg = Release|Any CPU
		{5B939020-0915-4539-A164-106C3DBD9E7C}.Release|Any CPU.Build.0 = Release|Any CPU
		{5B939020-0915-4539-A164-106C3DBD9E7C}.Release|x64.ActiveCfg = Release|Any CPU
		{5B939020-0915-4539-A164-106C3DBD9E7C}.Release|x64.Build.0 = Release|Any CPU
		{5B939020-0915-4539-A164-106C3DBD9E7C}.Release|x86.ActiveCfg = Release|Any CPU
		{5B939020-0915-4539-A164-106C3DBD9E7C}.Release|x86.Build.0 = Release|Any CPU
		{D0020A93-F9CC-41EE-BFA2-945F69CAE30C}.Debug|Any CPU.ActiveCfg = Debug|Any CPU
		{D0020A93-F9CC-41EE-BFA2-945F69CAE30C}.Debug|Any CPU.Build.0 = Debug|Any CPU
		{D0020A93-F9CC-41EE-BFA2-945F69CAE30C}.Debug|x64.ActiveCfg = Debug|Any CPU
		{D0020A93-F9CC-41EE-BFA2-945F69CAE30C}.Debug|x64.Build.0 = Debug|Any CPU
		{D0020A93-F9CC-41EE-BFA2-945F69CAE30C}.Debug|x86.ActiveCfg = Debug|Any CPU
		{D0020A93-F9CC-41EE-BFA2-945F69CAE30C}.Debug|x86.Build.0 = Debug|Any CPU
		{D0020A93-F9CC-41EE-BFA2-945F69CAE30C}.Release|Any CPU.ActiveCfg = Release|Any CPU
		{D0020A93-F9CC-41EE-BFA2-945F69CAE30C}.Release|Any CPU.Build.0 = Release|Any CPU
		{D0020A93-F9CC-41EE-BFA2-945F69CAE30C}.Release|x64.ActiveCfg = Release|Any CPU
		{D0020A93-F9CC-41EE-BFA2-945F69CAE30C}.Release|x64.Build.0 = Release|Any CPU
		{D0020A93-F9CC-41EE-BFA2-945F69CAE30C}.Release|x86.ActiveCfg = Release|Any CPU
		{D0020A93-F9CC-41EE-BFA2-945F69CAE30C}.Release|x86.Build.0 = Release|Any CPU
		{AC19CE3C-C04E-4E80-90F8-83F2EAC56855}.Debug|Any CPU.ActiveCfg = Debug|Any CPU
		{AC19CE3C-C04E-4E80-90F8-83F2EAC56855}.Debug|Any CPU.Build.0 = Debug|Any CPU
		{AC19CE3C-C04E-4E80-90F8-83F2EAC56855}.Debug|x64.ActiveCfg = Debug|Any CPU
		{AC19CE3C-C04E-4E80-90F8-83F2EAC56855}.Debug|x64.Build.0 = Debug|Any CPU
		{AC19CE3C-C04E-4E80-90F8-83F2EAC56855}.Debug|x86.ActiveCfg = Debug|Any CPU
		{AC19CE3C-C04E-4E80-90F8-83F2EAC56855}.Debug|x86.Build.0 = Debug|Any CPU
		{AC19CE3C-C04E-4E80-90F8-83F2EAC56855}.Release|Any CPU.ActiveCfg = Release|Any CPU
		{AC19CE3C-C04E-4E80-90F8-83F2EAC56855}.Release|Any CPU.Build.0 = Release|Any CPU
		{AC19CE3C-C04E-4E80-90F8-83F2EAC56855}.Release|x64.ActiveCfg = Release|Any CPU
		{AC19CE3C-C04E-4E80-90F8-83F2EAC56855}.Release|x64.Build.0 = Release|Any CPU
		{AC19CE3C-C04E-4E80-90F8-83F2EAC56855}.Release|x86.ActiveCfg = Release|Any CPU
		{AC19CE3C-C04E-4E80-90F8-83F2EAC56855}.Release|x86.Build.0 = Release|Any CPU
		{A59DB2D7-F6F7-434B-95F2-1405514A74CE}.Debug|Any CPU.ActiveCfg = Debug|Any CPU
		{A59DB2D7-F6F7-434B-95F2-1405514A74CE}.Debug|Any CPU.Build.0 = Debug|Any CPU
		{A59DB2D7-F6F7-434B-95F2-1405514A74CE}.Debug|x64.ActiveCfg = Debug|Any CPU
		{A59DB2D7-F6F7-434B-95F2-1405514A74CE}.Debug|x64.Build.0 = Debug|Any CPU
		{A59DB2D7-F6F7-434B-95F2-1405514A74CE}.Debug|x86.ActiveCfg = Debug|Any CPU
		{A59DB2D7-F6F7-434B-95F2-1405514A74CE}.Debug|x86.Build.0 = Debug|Any CPU
		{A59DB2D7-F6F7-434B-95F2-1405514A74CE}.Release|Any CPU.ActiveCfg = Release|Any CPU
		{A59DB2D7-F6F7-434B-95F2-1405514A74CE}.Release|Any CPU.Build.0 = Release|Any CPU
		{A59DB2D7-F6F7-434B-95F2-1405514A74CE}.Release|x64.ActiveCfg = Release|Any CPU
		{A59DB2D7-F6F7-434B-95F2-1405514A74CE}.Release|x64.Build.0 = Release|Any CPU
		{A59DB2D7-F6F7-434B-95F2-1405514A74CE}.Release|x86.ActiveCfg = Release|Any CPU
		{A59DB2D7-F6F7-434B-95F2-1405514A74CE}.Release|x86.Build.0 = Release|Any CPU
		{29AD7648-0ECA-46B0-B0DF-3AD669FE3630}.Debug|Any CPU.ActiveCfg = Debug|Any CPU
		{29AD7648-0ECA-46B0-B0DF-3AD669FE3630}.Debug|Any CPU.Build.0 = Debug|Any CPU
		{29AD7648-0ECA-46B0-B0DF-3AD669FE3630}.Debug|x64.ActiveCfg = Debug|Any CPU
		{29AD7648-0ECA-46B0-B0DF-3AD669FE3630}.Debug|x64.Build.0 = Debug|Any CPU
		{29AD7648-0ECA-46B0-B0DF-3AD669FE3630}.Debug|x86.ActiveCfg = Debug|Any CPU
		{29AD7648-0ECA-46B0-B0DF-3AD669FE3630}.Debug|x86.Build.0 = Debug|Any CPU
		{29AD7648-0ECA-46B0-B0DF-3AD669FE3630}.Release|Any CPU.ActiveCfg = Release|Any CPU
		{29AD7648-0ECA-46B0-B0DF-3AD669FE3630}.Release|Any CPU.Build.0 = Release|Any CPU
		{29AD7648-0ECA-46B0-B0DF-3AD669FE3630}.Release|x64.ActiveCfg = Release|Any CPU
		{29AD7648-0ECA-46B0-B0DF-3AD669FE3630}.Release|x64.Build.0 = Release|Any CPU
		{29AD7648-0ECA-46B0-B0DF-3AD669FE3630}.Release|x86.ActiveCfg = Release|Any CPU
		{29AD7648-0ECA-46B0-B0DF-3AD669FE3630}.Release|x86.Build.0 = Release|Any CPU
		{786503DA-D10C-48DB-A47D-F4A950CDC124}.Debug|Any CPU.ActiveCfg = Debug|Any CPU
		{786503DA-D10C-48DB-A47D-F4A950CDC124}.Debug|Any CPU.Build.0 = Debug|Any CPU
		{786503DA-D10C-48DB-A47D-F4A950CDC124}.Debug|x64.ActiveCfg = Debug|Any CPU
		{786503DA-D10C-48DB-A47D-F4A950CDC124}.Debug|x64.Build.0 = Debug|Any CPU
		{786503DA-D10C-48DB-A47D-F4A950CDC124}.Debug|x86.ActiveCfg = Debug|Any CPU
		{786503DA-D10C-48DB-A47D-F4A950CDC124}.Debug|x86.Build.0 = Debug|Any CPU
		{786503DA-D10C-48DB-A47D-F4A950CDC124}.Release|Any CPU.ActiveCfg = Release|Any CPU
		{786503DA-D10C-48DB-A47D-F4A950CDC124}.Release|Any CPU.Build.0 = Release|Any CPU
		{786503DA-D10C-48DB-A47D-F4A950CDC124}.Release|x64.ActiveCfg = Release|Any CPU
		{786503DA-D10C-48DB-A47D-F4A950CDC124}.Release|x64.Build.0 = Release|Any CPU
		{786503DA-D10C-48DB-A47D-F4A950CDC124}.Release|x86.ActiveCfg = Release|Any CPU
		{786503DA-D10C-48DB-A47D-F4A950CDC124}.Release|x86.Build.0 = Release|Any CPU
		{32AE5972-BFD4-4D76-BE0A-D2E20AB82125}.Debug|Any CPU.ActiveCfg = Debug|Any CPU
		{32AE5972-BFD4-4D76-BE0A-D2E20AB82125}.Debug|Any CPU.Build.0 = Debug|Any CPU
		{32AE5972-BFD4-4D76-BE0A-D2E20AB82125}.Debug|x64.ActiveCfg = Debug|Any CPU
		{32AE5972-BFD4-4D76-BE0A-D2E20AB82125}.Debug|x64.Build.0 = Debug|Any CPU
		{32AE5972-BFD4-4D76-BE0A-D2E20AB82125}.Debug|x86.ActiveCfg = Debug|Any CPU
		{32AE5972-BFD4-4D76-BE0A-D2E20AB82125}.Debug|x86.Build.0 = Debug|Any CPU
		{32AE5972-BFD4-4D76-BE0A-D2E20AB82125}.Release|Any CPU.ActiveCfg = Release|Any CPU
		{32AE5972-BFD4-4D76-BE0A-D2E20AB82125}.Release|Any CPU.Build.0 = Release|Any CPU
		{32AE5972-BFD4-4D76-BE0A-D2E20AB82125}.Release|x64.ActiveCfg = Release|Any CPU
		{32AE5972-BFD4-4D76-BE0A-D2E20AB82125}.Release|x64.Build.0 = Release|Any CPU
		{32AE5972-BFD4-4D76-BE0A-D2E20AB82125}.Release|x86.ActiveCfg = Release|Any CPU
		{32AE5972-BFD4-4D76-BE0A-D2E20AB82125}.Release|x86.Build.0 = Release|Any CPU
		{C8D6CB77-9CDA-4712-959B-725886862C5F}.Debug|Any CPU.ActiveCfg = Debug|Any CPU
		{C8D6CB77-9CDA-4712-959B-725886862C5F}.Debug|Any CPU.Build.0 = Debug|Any CPU
		{C8D6CB77-9CDA-4712-959B-725886862C5F}.Debug|x64.ActiveCfg = Debug|Any CPU
		{C8D6CB77-9CDA-4712-959B-725886862C5F}.Debug|x64.Build.0 = Debug|Any CPU
		{C8D6CB77-9CDA-4712-959B-725886862C5F}.Debug|x86.ActiveCfg = Debug|Any CPU
		{C8D6CB77-9CDA-4712-959B-725886862C5F}.Debug|x86.Build.0 = Debug|Any CPU
		{C8D6CB77-9CDA-4712-959B-725886862C5F}.Release|Any CPU.ActiveCfg = Release|Any CPU
		{C8D6CB77-9CDA-4712-959B-725886862C5F}.Release|Any CPU.Build.0 = Release|Any CPU
		{C8D6CB77-9CDA-4712-959B-725886862C5F}.Release|x64.ActiveCfg = Release|Any CPU
		{C8D6CB77-9CDA-4712-959B-725886862C5F}.Release|x64.Build.0 = Release|Any CPU
		{C8D6CB77-9CDA-4712-959B-725886862C5F}.Release|x86.ActiveCfg = Release|Any CPU
		{C8D6CB77-9CDA-4712-959B-725886862C5F}.Release|x86.Build.0 = Release|Any CPU
		{EA1C642F-EF12-4DE2-8E6B-FF7830D6AC71}.Debug|Any CPU.ActiveCfg = Debug|Any CPU
		{EA1C642F-EF12-4DE2-8E6B-FF7830D6AC71}.Debug|Any CPU.Build.0 = Debug|Any CPU
		{EA1C642F-EF12-4DE2-8E6B-FF7830D6AC71}.Debug|x64.ActiveCfg = Debug|Any CPU
		{EA1C642F-EF12-4DE2-8E6B-FF7830D6AC71}.Debug|x64.Build.0 = Debug|Any CPU
		{EA1C642F-EF12-4DE2-8E6B-FF7830D6AC71}.Debug|x86.ActiveCfg = Debug|Any CPU
		{EA1C642F-EF12-4DE2-8E6B-FF7830D6AC71}.Debug|x86.Build.0 = Debug|Any CPU
		{EA1C642F-EF12-4DE2-8E6B-FF7830D6AC71}.Release|Any CPU.ActiveCfg = Release|Any CPU
		{EA1C642F-EF12-4DE2-8E6B-FF7830D6AC71}.Release|Any CPU.Build.0 = Release|Any CPU
		{EA1C642F-EF12-4DE2-8E6B-FF7830D6AC71}.Release|x64.ActiveCfg = Release|Any CPU
		{EA1C642F-EF12-4DE2-8E6B-FF7830D6AC71}.Release|x64.Build.0 = Release|Any CPU
		{EA1C642F-EF12-4DE2-8E6B-FF7830D6AC71}.Release|x86.ActiveCfg = Release|Any CPU
		{EA1C642F-EF12-4DE2-8E6B-FF7830D6AC71}.Release|x86.Build.0 = Release|Any CPU
		{74ED6505-4DAD-454F-9FAE-29489435E40D}.Debug|Any CPU.ActiveCfg = Debug|Any CPU
		{74ED6505-4DAD-454F-9FAE-29489435E40D}.Debug|Any CPU.Build.0 = Debug|Any CPU
		{74ED6505-4DAD-454F-9FAE-29489435E40D}.Debug|x64.ActiveCfg = Debug|Any CPU
		{74ED6505-4DAD-454F-9FAE-29489435E40D}.Debug|x64.Build.0 = Debug|Any CPU
		{74ED6505-4DAD-454F-9FAE-29489435E40D}.Debug|x86.ActiveCfg = Debug|Any CPU
		{74ED6505-4DAD-454F-9FAE-29489435E40D}.Debug|x86.Build.0 = Debug|Any CPU
		{74ED6505-4DAD-454F-9FAE-29489435E40D}.Release|Any CPU.ActiveCfg = Release|Any CPU
		{74ED6505-4DAD-454F-9FAE-29489435E40D}.Release|Any CPU.Build.0 = Release|Any CPU
		{74ED6505-4DAD-454F-9FAE-29489435E40D}.Release|x64.ActiveCfg = Release|Any CPU
		{74ED6505-4DAD-454F-9FAE-29489435E40D}.Release|x64.Build.0 = Release|Any CPU
		{74ED6505-4DAD-454F-9FAE-29489435E40D}.Release|x86.ActiveCfg = Release|Any CPU
		{74ED6505-4DAD-454F-9FAE-29489435E40D}.Release|x86.Build.0 = Release|Any CPU
		{EEF0CBEB-29EA-41BD-9717-E23DB2D4F573}.Debug|Any CPU.ActiveCfg = Debug|Any CPU
		{EEF0CBEB-29EA-41BD-9717-E23DB2D4F573}.Debug|Any CPU.Build.0 = Debug|Any CPU
		{EEF0CBEB-29EA-41BD-9717-E23DB2D4F573}.Debug|x64.ActiveCfg = Debug|Any CPU
		{EEF0CBEB-29EA-41BD-9717-E23DB2D4F573}.Debug|x64.Build.0 = Debug|Any CPU
		{EEF0CBEB-29EA-41BD-9717-E23DB2D4F573}.Debug|x86.ActiveCfg = Debug|Any CPU
		{EEF0CBEB-29EA-41BD-9717-E23DB2D4F573}.Debug|x86.Build.0 = Debug|Any CPU
		{EEF0CBEB-29EA-41BD-9717-E23DB2D4F573}.Release|Any CPU.ActiveCfg = Release|Any CPU
		{EEF0CBEB-29EA-41BD-9717-E23DB2D4F573}.Release|Any CPU.Build.0 = Release|Any CPU
		{EEF0CBEB-29EA-41BD-9717-E23DB2D4F573}.Release|x64.ActiveCfg = Release|Any CPU
		{EEF0CBEB-29EA-41BD-9717-E23DB2D4F573}.Release|x64.Build.0 = Release|Any CPU
		{EEF0CBEB-29EA-41BD-9717-E23DB2D4F573}.Release|x86.ActiveCfg = Release|Any CPU
		{EEF0CBEB-29EA-41BD-9717-E23DB2D4F573}.Release|x86.Build.0 = Release|Any CPU
		{01459C04-D958-4F24-B1E5-C2D30C87DCB4}.Debug|Any CPU.ActiveCfg = Debug|Any CPU
		{01459C04-D958-4F24-B1E5-C2D30C87DCB4}.Debug|Any CPU.Build.0 = Debug|Any CPU
		{01459C04-D958-4F24-B1E5-C2D30C87DCB4}.Debug|x64.ActiveCfg = Debug|Any CPU
		{01459C04-D958-4F24-B1E5-C2D30C87DCB4}.Debug|x64.Build.0 = Debug|Any CPU
		{01459C04-D958-4F24-B1E5-C2D30C87DCB4}.Debug|x86.ActiveCfg = Debug|Any CPU
		{01459C04-D958-4F24-B1E5-C2D30C87DCB4}.Debug|x86.Build.0 = Debug|Any CPU
		{01459C04-D958-4F24-B1E5-C2D30C87DCB4}.Release|Any CPU.ActiveCfg = Release|Any CPU
		{01459C04-D958-4F24-B1E5-C2D30C87DCB4}.Release|Any CPU.Build.0 = Release|Any CPU
		{01459C04-D958-4F24-B1E5-C2D30C87DCB4}.Release|x64.ActiveCfg = Release|Any CPU
		{01459C04-D958-4F24-B1E5-C2D30C87DCB4}.Release|x64.Build.0 = Release|Any CPU
		{01459C04-D958-4F24-B1E5-C2D30C87DCB4}.Release|x86.ActiveCfg = Release|Any CPU
		{01459C04-D958-4F24-B1E5-C2D30C87DCB4}.Release|x86.Build.0 = Release|Any CPU
		{62D7D5E6-3CE3-4C45-8A27-705B4245D775}.Debug|Any CPU.ActiveCfg = Debug|Any CPU
		{62D7D5E6-3CE3-4C45-8A27-705B4245D775}.Debug|Any CPU.Build.0 = Debug|Any CPU
		{62D7D5E6-3CE3-4C45-8A27-705B4245D775}.Debug|x64.ActiveCfg = Debug|Any CPU
		{62D7D5E6-3CE3-4C45-8A27-705B4245D775}.Debug|x64.Build.0 = Debug|Any CPU
		{62D7D5E6-3CE3-4C45-8A27-705B4245D775}.Debug|x86.ActiveCfg = Debug|Any CPU
		{62D7D5E6-3CE3-4C45-8A27-705B4245D775}.Debug|x86.Build.0 = Debug|Any CPU
		{62D7D5E6-3CE3-4C45-8A27-705B4245D775}.Release|Any CPU.ActiveCfg = Release|Any CPU
		{62D7D5E6-3CE3-4C45-8A27-705B4245D775}.Release|Any CPU.Build.0 = Release|Any CPU
		{62D7D5E6-3CE3-4C45-8A27-705B4245D775}.Release|x64.ActiveCfg = Release|Any CPU
		{62D7D5E6-3CE3-4C45-8A27-705B4245D775}.Release|x64.Build.0 = Release|Any CPU
		{62D7D5E6-3CE3-4C45-8A27-705B4245D775}.Release|x86.ActiveCfg = Release|Any CPU
		{62D7D5E6-3CE3-4C45-8A27-705B4245D775}.Release|x86.Build.0 = Release|Any CPU
		{8B71EAF6-0426-4435-B0C5-BBE1D7281524}.Debug|Any CPU.ActiveCfg = Debug|Any CPU
		{8B71EAF6-0426-4435-B0C5-BBE1D7281524}.Debug|Any CPU.Build.0 = Debug|Any CPU
		{8B71EAF6-0426-4435-B0C5-BBE1D7281524}.Debug|x64.ActiveCfg = Debug|Any CPU
		{8B71EAF6-0426-4435-B0C5-BBE1D7281524}.Debug|x64.Build.0 = Debug|Any CPU
		{8B71EAF6-0426-4435-B0C5-BBE1D7281524}.Debug|x86.ActiveCfg = Debug|Any CPU
		{8B71EAF6-0426-4435-B0C5-BBE1D7281524}.Debug|x86.Build.0 = Debug|Any CPU
		{8B71EAF6-0426-4435-B0C5-BBE1D7281524}.Release|Any CPU.ActiveCfg = Release|Any CPU
		{8B71EAF6-0426-4435-B0C5-BBE1D7281524}.Release|Any CPU.Build.0 = Release|Any CPU
		{8B71EAF6-0426-4435-B0C5-BBE1D7281524}.Release|x64.ActiveCfg = Release|Any CPU
		{8B71EAF6-0426-4435-B0C5-BBE1D7281524}.Release|x64.Build.0 = Release|Any CPU
		{8B71EAF6-0426-4435-B0C5-BBE1D7281524}.Release|x86.ActiveCfg = Release|Any CPU
		{8B71EAF6-0426-4435-B0C5-BBE1D7281524}.Release|x86.Build.0 = Release|Any CPU
		{2C222D98-5661-463D-B519-18C32594F0B6}.Debug|Any CPU.ActiveCfg = Debug|Any CPU
		{2C222D98-5661-463D-B519-18C32594F0B6}.Debug|Any CPU.Build.0 = Debug|Any CPU
		{2C222D98-5661-463D-B519-18C32594F0B6}.Debug|x64.ActiveCfg = Debug|Any CPU
		{2C222D98-5661-463D-B519-18C32594F0B6}.Debug|x64.Build.0 = Debug|Any CPU
		{2C222D98-5661-463D-B519-18C32594F0B6}.Debug|x86.ActiveCfg = Debug|Any CPU
		{2C222D98-5661-463D-B519-18C32594F0B6}.Debug|x86.Build.0 = Debug|Any CPU
		{2C222D98-5661-463D-B519-18C32594F0B6}.Release|Any CPU.ActiveCfg = Release|Any CPU
		{2C222D98-5661-463D-B519-18C32594F0B6}.Release|Any CPU.Build.0 = Release|Any CPU
		{2C222D98-5661-463D-B519-18C32594F0B6}.Release|x64.ActiveCfg = Release|Any CPU
		{2C222D98-5661-463D-B519-18C32594F0B6}.Release|x64.Build.0 = Release|Any CPU
		{2C222D98-5661-463D-B519-18C32594F0B6}.Release|x86.ActiveCfg = Release|Any CPU
		{2C222D98-5661-463D-B519-18C32594F0B6}.Release|x86.Build.0 = Release|Any CPU
	EndGlobalSection
	GlobalSection(SolutionProperties) = preSolution
		HideSolutionNode = FALSE
	EndGlobalSection
	GlobalSection(NestedProjects) = preSolution
		{EB6EABA3-9DE7-457F-8F29-CDC99E3CFE77} = {C562E441-E964-221A-C461-AF61B0F6AF7D}
		{81F0D980-0B0C-408F-91BA-1836FC7B2117} = {C562E441-E964-221A-C461-AF61B0F6AF7D}
		{B0165CC3-7787-4C75-8726-30105F841D13} = {38C3FC16-B835-C14B-5E7E-8CBA6C683B85}
		{8B5B99F5-FE21-4077-BBDC-04C24886172B} = {38C3FC16-B835-C14B-5E7E-8CBA6C683B85}
		{87A1E5EF-FCFE-429C-9136-A75627D4945C} = {3ABA47E2-6B8D-FD51-B71F-73DB47085504}
		{E74C747F-419B-4AF6-8144-4D51942527DE} = {3ABA47E2-6B8D-FD51-B71F-73DB47085504}
		{AA8FE575-3DFA-4D00-A28C-BEBD257167FD} = {F20C0B91-7963-045F-503B-40B4E8396DFD}
		{3120A8C1-9E15-4181-9220-0112E6E37767} = {F20C0B91-7963-045F-503B-40B4E8396DFD}
		{F24F39EB-3C2D-4A5F-B870-C2C1FE96A570} = {ABE1EEF1-9C2D-F4FE-FAE9-779AD86F9B7C}
		{5B939020-0915-4539-A164-106C3DBD9E7C} = {ABE1EEF1-9C2D-F4FE-FAE9-779AD86F9B7C}
		{D0020A93-F9CC-41EE-BFA2-945F69CAE30C} = {73DA1B93-52D6-2E31-0FA0-05C6F357AB3D}
		{AC19CE3C-C04E-4E80-90F8-83F2EAC56855} = {73DA1B93-52D6-2E31-0FA0-05C6F357AB3D}
		{A59DB2D7-F6F7-434B-95F2-1405514A74CE} = {19D4EF65-C835-1B89-21FA-4CA74761706D}
		{29AD7648-0ECA-46B0-B0DF-3AD669FE3630} = {19D4EF65-C835-1B89-21FA-4CA74761706D}
		{786503DA-D10C-48DB-A47D-F4A950CDC124} = {4AFEB33A-49FA-DCB4-8B3C-08490982826C}
		{32AE5972-BFD4-4D76-BE0A-D2E20AB82125} = {4AFEB33A-49FA-DCB4-8B3C-08490982826C}
		{C8D6CB77-9CDA-4712-959B-725886862C5F} = {24B0A1F2-B790-30B6-3016-C82771A84A6C}
		{EA1C642F-EF12-4DE2-8E6B-FF7830D6AC71} = {24B0A1F2-B790-30B6-3016-C82771A84A6C}
		{74ED6505-4DAD-454F-9FAE-29489435E40D} = {8F47586C-8BCD-6E6A-8A32-0AD06597512E}
		{EEF0CBEB-29EA-41BD-9717-E23DB2D4F573} = {8F47586C-8BCD-6E6A-8A32-0AD06597512E}
		{01459C04-D958-4F24-B1E5-C2D30C87DCB4} = {80C6D654-0037-2059-FB7F-8D7914796806}
		{62D7D5E6-3CE3-4C45-8A27-705B4245D775} = {80C6D654-0037-2059-FB7F-8D7914796806}
	EndGlobalSection
EndGlobal
